
Microsoft Visual Studio Solution File, Format Version 12.00
# Visual Studio Version 17
VisualStudioVersion = 17.8.34511.84
MinimumVisualStudioVersion = 10.0.40219.1
Project("{FAE04EC0-301F-11D3-BF4B-00C04F79EFBC}") = "ProjetoXadrez - console", "ProjetoXadrez - console\ProjetoXadrez - console.csproj", "{63FBB7C5-487E-4F2A-AE94-B3E22E6D57ED}"
EndProject
Global
	GlobalSection(SolutionConfigurationPlatforms) = preSolution
		Debug|Any CPU = Debug|Any CPU
		Release|Any CPU = Release|Any CPU
	EndGlobalSection
	GlobalSection(ProjectConfigurationPlatforms) = postSolution
		{63FBB7C5-487E-4F2A-AE94-B3E22E6D57ED}.Debug|Any CPU.ActiveCfg = Debug|Any CPU
		{63FBB7C5-487E-4F2A-AE94-B3E22E6D57ED}.Debug|Any CPU.Build.0 = Debug|Any CPU
		{63FBB7C5-487E-4F2A-AE94-B3E22E6D57ED}.Release|Any CPU.ActiveCfg = Release|Any CPU
		{63FBB7C5-487E-4F2A-AE94-B3E22E6D57ED}.Release|Any CPU.Build.0 = Release|Any CPU
	EndGlobalSection
	GlobalSection(SolutionProperties) = preSolution
		HideSolutionNode = FALSE
	EndGlobalSection
	GlobalSection(ExtensibilityGlobals) = postSolution
		SolutionGuid = {28FC04CE-0DB5-4DD7-8664-BDE25FC1CC91}
	EndGlobalSection
EndGlobal
